{
  "name": "live-server",
  "version": "1.0.0",
  "lockfileVersion": 3,
  "requires": true,
  "packages": {
    "": {
      "name": "live-server",
      "version": "1.0.0",
      "dependencies": {
        "@hocuspocus/server": "^2.0.0",
        "@tpmjs/unsandbox": "^0.0.2",
        "dotenv": "^17.3.1",
        "ws": "^8.19.0"
      }
    },
    "node_modules/@ai-sdk/gateway": {
      "version": "2.0.0-beta.71",
      "resolved": "https://registry.npmjs.org/@ai-sdk/gateway/-/gateway-2.0.0-beta.71.tgz",
      "integrity": "sha512-Mn5WShiC0BUVOtO6C65FKdeQxfrIaM0QeZjYcQej6+4hRgSKWlySVDWr88ZZjXGpviB7q0zINTuc6YWV6TqfvQ==",
      "license": "Apache-2.0",
      "dependencies": {
        "@ai-sdk/provider": "3.0.0-beta.23",
        "@ai-sdk/provider-utils": "4.0.0-beta.42",
        "@vercel/oidc": "3.0.5"
      },
      "engines": {
        "node": ">=18"
      },
      "peerDependencies": {
        "zod": "^3.25.76 || ^4.1.8"
      }
    },
    "node_modules/@ai-sdk/provider": {
      "version": "3.0.0-beta.23",
      "resolved": "https://registry.npmjs.org/@ai-sdk/provider/-/provider-3.0.0-beta.23.tgz",
      "integrity": "sha512-C8X5urwwxCM8GzdMiEnI5ZtRSv+rs17smwubTy0S+dFm9aSVui92ED5U42TJvDivEpDsHbMhuNI8sxRbtFQduQ==",
      "license": "Apache-2.0",
      "dependencies": {
        "json-schema": "^0.4.0"
      },
      "engines": {
        "node": ">=18"
      }
    },
    "node_modules/@ai-sdk/provider-utils": {
      "version": "4.0.0-beta.42",
      "resolved": "https://registry.npmjs.org/@ai-sdk/provider-utils/-/provider-utils-4.0.0-beta.42.tgz",
      "integrity": "sha512-VY+aQzlbLT4R+n3AgsRrpaeHQRhBAxBPkfXnS8PdIFKY85/W1d4emA/40j++2N0yBDBeEW4I7xAPv1t43YkjbQ==",
      "license": "Apache-2.0",
      "dependencies": {
        "@ai-sdk/provider": "3.0.0-beta.23",
        "@standard-schema/spec": "^1.0.0",
        "eventsource-parser": "^3.0.6"
      },
      "engines": {
        "node": ">=18"
      },
      "peerDependencies": {
        "@valibot/to-json-schema": "^1.3.0",
        "arktype": "^2.1.22",
        "effect": "^3.18.4",
        "zod": "^3.25.76 || ^4.1.8"
      },
      "peerDependenciesMeta": {
        "@valibot/to-json-schema": {
          "optional": true
        },
        "arktype": {
          "optional": true
        },
        "effect": {
          "optional": true
        }
      }
    },
    "node_modules/@hocuspocus/common": {
      "version": "2.15.3",
      "resolved": "https://registry.npmjs.org/@hocuspocus/common/-/common-2.15.3.tgz",
      "integrity": "sha512-Rzh1HF0a2o/tf90A3w2XNdXd9Ym3aQzMDfD3lAUONCX9B9QOdqdyiORrj6M25QEaJrEIbXFy8LtAFcL0wRdWzA==",
      "license": "MIT",
      "dependencies": {
        "lib0": "^0.2.87"
      }
    },
    "node_modules/@hocuspocus/server": {
      "version": "2.15.3",
      "resolved": "https://registry.npmjs.org/@hocuspocus/server/-/server-2.15.3.tgz",
      "integrity": "sha512-Ju4ty4/7JtmvivcP7gKReOLf8KrFwN7Yx/5VhXYh4TRULy4kSo2fsDVUaluPp0neZa6PbVhizJuzlOim73IEbQ==",
      "license": "MIT",
      "dependencies": {
        "@hocuspocus/common": "^2.15.3",
        "async-lock": "^1.3.1",
        "kleur": "^4.1.4",
        "lib0": "^0.2.47",
        "uuid": "^11.0.3",
        "ws": "^8.5.0"
      },
      "peerDependencies": {
        "y-protocols": "^1.0.6",
        "yjs": "^13.6.8"
      }
    },
    "node_modules/@opentelemetry/api": {
      "version": "1.9.0",
      "resolved": "https://registry.npmjs.org/@opentelemetry/api/-/api-1.9.0.tgz",
      "integrity": "sha512-3giAOQvZiH5F9bMlMiv8+GSPMeqg0dbaeo58/0SlA9sxSqZhnUtxzX9/2FzyhS9sWQf5S0GJE0AKBrFqjpeYcg==",
      "license": "Apache-2.0",
      "engines": {
        "node": ">=8.0.0"
      }
    },
    "node_modules/@standard-schema/spec": {
      "version": "1.1.0",
      "resolved": "https://registry.npmjs.org/@standard-schema/spec/-/spec-1.1.0.tgz",
      "integrity": "sha512-l2aFy5jALhniG5HgqrD6jXLi/rUWrKvqN/qJx6yoJsgKhblVd+iqqU4RCXavm/jPityDo5TCvKMnpjKnOriy0w==",
      "license": "MIT"
    },
    "node_modules/@thomasdavis/unsandbox": {
      "version": "0.0.3",
      "resolved": "https://registry.npmjs.org/@thomasdavis/unsandbox/-/unsandbox-0.0.3.tgz",
      "integrity": "sha512-7Bmql6ykkpd+S3foMKGjnnNQhfh0iUriE0f9YAhyx7C+4qicsb5oGJ0rkOBI8Pk5VXx/PPUm36+VNNKqqPzozg==",
      "license": "MIT",
      "dependencies": {
        "ai": "6.0.0-beta.131"
      }
    },
    "node_modules/@tpmjs/unsandbox": {
      "version": "0.0.2",
      "resolved": "https://registry.npmjs.org/@tpmjs/unsandbox/-/unsandbox-0.0.2.tgz",
      "integrity": "sha512-QCKlgmE9GsOCxQz13wyUPTJPi6uL6mBu3vilrN+3hP8C46m4s4tVN2ZCzHDHjrEiFXlY0UTjri2gf5rlEKceyw==",
      "license": "MIT",
      "dependencies": {
        "@thomasdavis/unsandbox": "^0.0.3"
      }
    },
    "node_modules/@vercel/oidc": {
      "version": "3.0.5",
      "resolved": "https://registry.npmjs.org/@vercel/oidc/-/oidc-3.0.5.tgz",
      "integrity": "sha512-fnYhv671l+eTTp48gB4zEsTW/YtRgRPnkI2nT7x6qw5rkI1Lq2hTmQIpHPgyThI0znLK+vX2n9XxKdXZ7BUbbw==",
      "license": "Apache-2.0",
      "engines": {
        "node": ">= 20"
      }
    },
    "node_modules/ai": {
      "version": "6.0.0-beta.131",
      "resolved": "https://registry.npmjs.org/ai/-/ai-6.0.0-beta.131.tgz",
      "integrity": "sha512-hoe+I4pPWjyP1CQHtftC5p7z/EEAx8nGTzzxG0Ka+cAKQW+3lQZsO3dBZ9kB2McYrLd2xntJl7V1tgqqnkfvYw==",
      "license": "Apache-2.0",
      "dependencies": {
        "@ai-sdk/gateway": "2.0.0-beta.71",
        "@ai-sdk/provider": "3.0.0-beta.23",
        "@ai-sdk/provider-utils": "4.0.0-beta.42",
        "@opentelemetry/api": "1.9.0"
      },
      "engines": {
        "node": ">=18"
      },
      "peerDependencies": {
        "zod": "^3.25.76 || ^4.1.8"
      }
    },
    "node_modules/async-lock": {
      "version": "1.4.1",
      "resolved": "https://registry.npmjs.org/async-lock/-/async-lock-1.4.1.tgz",
      "integrity": "sha512-Az2ZTpuytrtqENulXwO3GGv1Bztugx6TT37NIo7imr/Qo0gsYiGtSdBa2B6fsXhTpVZDNfu1Qn3pk531e3q+nQ==",
      "license": "MIT"
    },
    "node_modules/dotenv": {
      "version": "17.3.1",
      "resolved": "https://registry.npmjs.org/dotenv/-/dotenv-17.3.1.tgz",
      "integrity": "sha512-IO8C/dzEb6O3F9/twg6ZLXz164a2fhTnEWb95H23Dm4OuN+92NmEAlTrupP9VW6Jm3sO26tQlqyvyi4CsnY9GA==",
      "license": "BSD-2-Clause",
      "engines": {
        "node": ">=12"
      },
      "funding": {
        "url": "https://dotenvx.com"
      }
    },
    "node_modules/eventsource-parser": {
      "version": "3.0.6",
      "resolved": "https://registry.npmjs.org/eventsource-parser/-/eventsource-parser-3.0.6.tgz",
      "integrity": "sha512-Vo1ab+QXPzZ4tCa8SwIHJFaSzy4R6SHf7BY79rFBDf0idraZWAkYrDjDj8uWaSm3S2TK+hJ7/t1CEmZ7jXw+pg==",
      "license": "MIT",
      "engines": {
        "node": ">=18.0.0"
      }
    },
    "node_modules/isomorphic.js": {
      "version": "0.2.5",
      "resolved": "https://registry.npmjs.org/isomorphic.js/-/isomorphic.js-0.2.5.tgz",
      "integrity": "sha512-PIeMbHqMt4DnUP3MA/Flc0HElYjMXArsw1qwJZcm9sqR8mq3l8NYizFMty0pWwE/tzIGH3EKK5+jes5mAr85yw==",
      "license": "MIT",
      "funding": {
        "type": "GitHub Sponsors ❤",
        "url": "https://github.com/sponsors/dmonad"
      }
    },
    "node_modules/json-schema": {
      "version": "0.4.0",
      "resolved": "https://registry.npmjs.org/json-schema/-/json-schema-0.4.0.tgz",
      "integrity": "sha512-es94M3nTIfsEPisRafak+HDLfHXnKBhV3vU5eqPcS3flIWqcxJWgXHXiey3YrpaNsanY5ei1VoYEbOzijuq9BA==",
      "license": "(AFL-2.1 OR BSD-3-Clause)"
    },
    "node_modules/kleur": {
      "version": "4.1.5",
      "resolved": "https://registry.npmjs.org/kleur/-/kleur-4.1.5.tgz",
      "integrity": "sha512-o+NO+8WrRiQEE4/7nwRJhN1HWpVmJm511pBHUxPLtp0BUISzlBplORYSmTclCnJvQq2tKu/sgl3xVpkc7ZWuQQ==",
      "license": "MIT",
      "engines": {
        "node": ">=6"
      }
    },
    "node_modules/lib0": {
      "version": "0.2.117",
      "resolved": "https://registry.npmjs.org/lib0/-/lib0-0.2.117.tgz",
      "integrity": "sha512-DeXj9X5xDCjgKLU/7RR+/HQEVzuuEUiwldwOGsHK/sfAfELGWEyTcf0x+uOvCvK3O2zPmZePXWL85vtia6GyZw==",
      "license": "MIT",
      "dependencies": {
        "isomorphic.js": "^0.2.4"
      },
      "bin": {
        "0ecdsa-generate-keypair": "bin/0ecdsa-generate-keypair.js",
        "0gentesthtml": "bin/gentesthtml.js",
        "0serve": "bin/0serve.js"
      },
      "engines": {
        "node": ">=16"
      },
      "funding": {
        "type": "GitHub Sponsors ❤",
        "url": "https://github.com/sponsors/dmonad"
      }
    },
    "node_modules/uuid": {
      "version": "11.1.0",
      "resolved": "https://registry.npmjs.org/uuid/-/uuid-11.1.0.tgz",
      "integrity": "sha512-0/A9rDy9P7cJ+8w1c9WD9V//9Wj15Ce2MPz8Ri6032usz+NfePxx5AcN3bN+r6ZL6jEo066/yNYB3tn4pQEx+A==",
      "funding": [
        "https://github.com/sponsors/broofa",
        "https://github.com/sponsors/ctavan"
      ],
      "license": "MIT",
      "bin": {
        "uuid": "dist/esm/bin/uuid"
      }
    },
    "node_modules/ws": {
      "version": "8.19.0",
      "resolved": "https://registry.npmjs.org/ws/-/ws-8.19.0.tgz",
      "integrity": "sha512-blAT2mjOEIi0ZzruJfIhb3nps74PRWTCz1IjglWEEpQl5XS/UNama6u2/rjFkDDouqr4L67ry+1aGIALViWjDg==",
      "license": "MIT",
      "engines": {
        "node": ">=10.0.0"
      },
      "peerDependencies": {
        "bufferutil": "^4.0.1",
        "utf-8-validate": ">=5.0.2"
      },
      "peerDependenciesMeta": {
        "bufferutil": {
          "optional": true
        },
        "utf-8-validate": {
          "optional": true
        }
      }
    },
    "node_modules/y-protocols": {
      "version": "1.0.7",
      "resolved": "https://registry.npmjs.org/y-protocols/-/y-protocols-1.0.7.tgz",
      "integrity": "sha512-YSVsLoXxO67J6eE/nV4AtFtT3QEotZf5sK5BHxFBXso7VDUT3Tx07IfA6hsu5Q5OmBdMkQVmFZ9QOA7fikWvnw==",
      "license": "MIT",
      "peer": true,
      "dependencies": {
        "lib0": "^0.2.85"
      },
      "engines": {
        "node": ">=16.0.0",
        "npm": ">=8.0.0"
      },
      "funding": {
        "type": "GitHub Sponsors ❤",
        "url": "https://github.com/sponsors/dmonad"
      },
      "peerDependencies": {
        "yjs": "^13.0.0"
      }
    },
    "node_modules/yjs": {
      "version": "13.6.29",
      "resolved": "https://registry.npmjs.org/yjs/-/yjs-13.6.29.tgz",
      "integrity": "sha512-kHqDPdltoXH+X4w1lVmMtddE3Oeqq48nM40FD5ojTd8xYhQpzIDcfE2keMSU5bAgRPJBe225WTUdyUgj1DtbiQ==",
      "license": "MIT",
      "peer": true,
      "dependencies": {
        "lib0": "^0.2.99"
      },
      "engines": {
        "node": ">=16.0.0",
        "npm": ">=8.0.0"
      },
      "funding": {
        "type": "GitHub Sponsors ❤",
        "url": "https://github.com/sponsors/dmonad"
      }
    },
    "node_modules/zod": {
      "version": "4.3.6",
      "resolved": "https://registry.npmjs.org/zod/-/zod-4.3.6.tgz",
      "integrity": "sha512-rftlrkhHZOcjDwkGlnUtZZkvaPHCsDATp4pGpuOOMDaTdDDXF91wuVDJoWoPsKX/3YPQ5fHuF3STjcYyKr+Qhg==",
      "license": "MIT",
      "peer": true,
      "funding": {
        "url": "https://github.com/sponsors/colinhacks"
      }
    }
  }
}
